
Microsoft Visual Studio Solution File, Format Version 12.00
# Visual Studio Version 16
VisualStudioVersion = 16.0.31129.286
MinimumVisualStudioVersion = 10.0.40219.1
Project("{FAE04EC0-301F-11D3-BF4B-00C04F79EFBC}") = "myfirstapplication", "myfirstapplication\myfirstapplication.csproj", "{9B3A86ED-2156-477C-8A3F-B7B257749D6F}"
EndProject
Global
	GlobalSection(SolutionConfigurationPlatforms) = preSolution
		Debug|Any CPU = Debug|Any CPU
		Release|Any CPU = Release|Any CPU
	EndGlobalSection
	GlobalSection(ProjectConfigurationPlatforms) = postSolution
		{9B3A86ED-2156-477C-8A3F-B7B257749D6F}.Debug|Any CPU.ActiveCfg = Debug|Any CPU
		{9B3A86ED-2156-477C-8A3F-B7B257749D6F}.Debug|Any CPU.Build.0 = Debug|Any CPU
		{9B3A86ED-2156-477C-8A3F-B7B257749D6F}.Release|Any CPU.ActiveCfg = Release|Any CPU
		{9B3A86ED-2156-477C-8A3F-B7B257749D6F}.Release|Any CPU.Build.0 = Release|Any CPU
	EndGlobalSection
	GlobalSection(SolutionProperties) = preSolution
		HideSolutionNode = FALSE
	EndGlobalSection
	GlobalSection(ExtensibilityGlobals) = postSolution
		SolutionGuid = {DDC21B27-72C6-43D1-BFE9-ADE7897F5A28}
	EndGlobalSection
EndGlobal
